// !$*UTF8*$!
{
	archiveVersion = 1;
	classes = {
	};
	objectVersion = 50;
	objects = {

/* Begin PBXBuildFile section */
		308DFF432329B962001567B1 /* AppDelegate.swift in Sources */ = {isa = PBXBuildFile; fileRef = 308DFF422329B962001567B1 /* AppDelegate.swift */; };
		308DFF452329B962001567B1 /* GameScreen.swift in Sources */ = {isa = PBXBuildFile; fileRef = 308DFF442329B962001567B1 /* GameScreen.swift */; };
		308DFF482329B962001567B1 /* Main.storyboard in Resources */ = {isa = PBXBuildFile; fileRef = 308DFF462329B962001567B1 /* Main.storyboard */; };
		308DFF4B2329B962001567B1 /* Scrambled_Stoplights.xcdatamodeld in Sources */ = {isa = PBXBuildFile; fileRef = 308DFF492329B962001567B1 /* Scrambled_Stoplights.xcdatamodeld */; };
		308DFF4D2329B963001567B1 /* Assets.xcassets in Resources */ = {isa = PBXBuildFile; fileRef = 308DFF4C2329B963001567B1 /* Assets.xcassets */; };
		308DFF502329B963001567B1 /* LaunchScreen.storyboard in Resources */ = {isa = PBXBuildFile; fileRef = 308DFF4E2329B963001567B1 /* LaunchScreen.storyboard */; };
		308DFF582329BC07001567B1 /* GlobalConstants.swift in Sources */ = {isa = PBXBuildFile; fileRef = 308DFF572329BC07001567B1 /* GlobalConstants.swift */; };
		30F80276232C482C00B90894 /* RoundedCornerView.swift in Sources */ = {isa = PBXBuildFile; fileRef = 30F80275232C482C00B90894 /* RoundedCornerView.swift */; };
		30F80278232C612800B90894 /* SimpleRepeater.swift in Sources */ = {isa = PBXBuildFile; fileRef = 30F80277232C612800B90894 /* SimpleRepeater.swift */; };
		30F8027A232C730C00B90894 /* SettingsScreen.swift in Sources */ = {isa = PBXBuildFile; fileRef = 30F80279232C730C00B90894 /* SettingsScreen.swift */; };
		30F8027C232C737A00B90894 /* LeaderboardScreen.swift in Sources */ = {isa = PBXBuildFile; fileRef = 30F8027B232C737A00B90894 /* LeaderboardScreen.swift */; };
		30F8027E232C771300B90894 /* AvatarScreen.swift in Sources */ = {isa = PBXBuildFile; fileRef = 30F8027D232C771300B90894 /* AvatarScreen.swift */; };
		30F80280232C77EB00B90894 /* TrackScreen.swift in Sources */ = {isa = PBXBuildFile; fileRef = 30F8027F232C77EB00B90894 /* TrackScreen.swift */; };
		30F80282232C7B0900B90894 /* DisplayNameScreen.swift in Sources */ = {isa = PBXBuildFile; fileRef = 30F80281232C7B0900B90894 /* DisplayNameScreen.swift */; };
		30F80284232D5EF800B90894 /* Well.swift in Sources */ = {isa = PBXBuildFile; fileRef = 30F80283232D5EF800B90894 /* Well.swift */; };
		30F80286232D5F4F00B90894 /* BulbType.swift in Sources */ = {isa = PBXBuildFile; fileRef = 30F80285232D5F4F00B90894 /* BulbType.swift */; };
		30F80288232D5FA400B90894 /* StopLight.swift in Sources */ = {isa = PBXBuildFile; fileRef = 30F80287232D5FA400B90894 /* StopLight.swift */; };
		30F8028A232D63D200B90894 /* Bulb.swift in Sources */ = {isa = PBXBuildFile; fileRef = 30F80289232D63D200B90894 /* Bulb.swift */; };
		30F8028C232D640A00B90894 /* ThemeEngine.swift in Sources */ = {isa = PBXBuildFile; fileRef = 30F8028B232D640A00B90894 /* ThemeEngine.swift */; };
		30F80290232D658100B90894 /* BulbWeight.swift in Sources */ = {isa = PBXBuildFile; fileRef = 30F8028F232D658100B90894 /* BulbWeight.swift */; };
		30F80292232D83EA00B90894 /* BendAndRotation.swift in Sources */ = {isa = PBXBuildFile; fileRef = 30F80291232D83EA00B90894 /* BendAndRotation.swift */; };
		30F80294232EE79B00B90894 /* Game.swift in Sources */ = {isa = PBXBuildFile; fileRef = 30F80293232EE79B00B90894 /* Game.swift */; };
		30F80296232EE7E600B90894 /* GameDelegate.swift in Sources */ = {isa = PBXBuildFile; fileRef = 30F80295232EE7E600B90894 /* GameDelegate.swift */; };
		30F80298232EF6C000B90894 /* WellDelegate.swift in Sources */ = {isa = PBXBuildFile; fileRef = 30F80297232EF6C000B90894 /* WellDelegate.swift */; };
		30F8029A2330637100B90894 /* Forecast.swift in Sources */ = {isa = PBXBuildFile; fileRef = 30F802992330637100B90894 /* Forecast.swift */; };
		30F8029C23306F8C00B90894 /* ForecastDelegate.swift in Sources */ = {isa = PBXBuildFile; fileRef = 30F8029B23306F8C00B90894 /* ForecastDelegate.swift */; };
		30F8029E233192A000B90894 /* IntExt.swift in Sources */ = {isa = PBXBuildFile; fileRef = 30F8029D233192A000B90894 /* IntExt.swift */; };
/* End PBXBuildFile section */

/* Begin PBXFileReference section */
		308DFF3F2329B962001567B1 /* Scrambled Stoplights.app */ = {isa = PBXFileReference; explicitFileType = wrapper.application; includeInIndex = 0; path = "Scrambled Stoplights.app"; sourceTree = BUILT_PRODUCTS_DIR; };
		308DFF422329B962001567B1 /* AppDelegate.swift */ = {isa = PBXFileReference; lastKnownFileType = sourcecode.swift; path = AppDelegate.swift; sourceTree = "<group>"; };
		308DFF442329B962001567B1 /* GameScreen.swift */ = {isa = PBXFileReference; lastKnownFileType = sourcecode.swift; path = GameScreen.swift; sourceTree = "<group>"; };
		308DFF472329B962001567B1 /* Base */ = {isa = PBXFileReference; lastKnownFileType = file.storyboard; name = Base; path = Base.lproj/Main.storyboard; sourceTree = "<group>"; };
		308DFF4A2329B962001567B1 /* Scrambled_Stoplights.xcdatamodel */ = {isa = PBXFileReference; lastKnownFileType = wrapper.xcdatamodel; path = Scrambled_Stoplights.xcdatamodel; sourceTree = "<group>"; };
		308DFF4C2329B963001567B1 /* Assets.xcassets */ = {isa = PBXFileReference; lastKnownFileType = folder.assetcatalog; path = Assets.xcassets; sourceTree = "<group>"; };
		308DFF4F2329B963001567B1 /* Base */ = {isa = PBXFileReference; lastKnownFileType = file.storyboard; name = Base; path = Base.lproj/LaunchScreen.storyboard; sourceTree = "<group>"; };
		308DFF512329B963001567B1 /* Info.plist */ = {isa = PBXFileReference; lastKnownFileType = text.plist.xml; path = Info.plist; sourceTree = "<group>"; };
		308DFF572329BC07001567B1 /* GlobalConstants.swift */ = {isa = PBXFileReference; lastKnownFileType = sourcecode.swift; path = GlobalConstants.swift; sourceTree = "<group>"; };
		30F80275232C482C00B90894 /* RoundedCornerView.swift */ = {isa = PBXFileReference; lastKnownFileType = sourcecode.swift; path = RoundedCornerView.swift; sourceTree = "<group>"; };
		30F80277232C612800B90894 /* SimpleRepeater.swift */ = {isa = PBXFileReference; lastKnownFileType = sourcecode.swift; path = SimpleRepeater.swift; sourceTree = "<group>"; };
		30F80279232C730C00B90894 /* SettingsScreen.swift */ = {isa = PBXFileReference; lastKnownFileType = sourcecode.swift; path = SettingsScreen.swift; sourceTree = "<group>"; };
		30F8027B232C737A00B90894 /* LeaderboardScreen.swift */ = {isa = PBXFileReference; lastKnownFileType = sourcecode.swift; path = LeaderboardScreen.swift; sourceTree = "<group>"; };
		30F8027D232C771300B90894 /* AvatarScreen.swift */ = {isa = PBXFileReference; lastKnownFileType = sourcecode.swift; path = AvatarScreen.swift; sourceTree = "<group>"; };
		30F8027F232C77EB00B90894 /* TrackScreen.swift */ = {isa = PBXFileReference; lastKnownFileType = sourcecode.swift; path = TrackScreen.swift; sourceTree = "<group>"; };
		30F80281232C7B0900B90894 /* DisplayNameScreen.swift */ = {isa = PBXFileReference; lastKnownFileType = sourcecode.swift; path = DisplayNameScreen.swift; sourceTree = "<group>"; };
		30F80283232D5EF800B90894 /* Well.swift */ = {isa = PBXFileReference; lastKnownFileType = sourcecode.swift; path = Well.swift; sourceTree = "<group>"; };
		30F80285232D5F4F00B90894 /* BulbType.swift */ = {isa = PBXFileReference; lastKnownFileType = sourcecode.swift; path = BulbType.swift; sourceTree = "<group>"; };
		30F80287232D5FA400B90894 /* StopLight.swift */ = {isa = PBXFileReference; lastKnownFileType = sourcecode.swift; path = StopLight.swift; sourceTree = "<group>"; };
		30F80289232D63D200B90894 /* Bulb.swift */ = {isa = PBXFileReference; lastKnownFileType = sourcecode.swift; path = Bulb.swift; sourceTree = "<group>"; };
		30F8028B232D640A00B90894 /* ThemeEngine.swift */ = {isa = PBXFileReference; lastKnownFileType = sourcecode.swift; path = ThemeEngine.swift; sourceTree = "<group>"; };
		30F8028F232D658100B90894 /* BulbWeight.swift */ = {isa = PBXFileReference; lastKnownFileType = sourcecode.swift; path = BulbWeight.swift; sourceTree = "<group>"; };
		30F80291232D83EA00B90894 /* BendAndRotation.swift */ = {isa = PBXFileReference; lastKnownFileType = sourcecode.swift; path = BendAndRotation.swift; sourceTree = "<group>"; };
		30F80293232EE79B00B90894 /* Game.swift */ = {isa = PBXFileReference; lastKnownFileType = sourcecode.swift; path = Game.swift; sourceTree = "<group>"; };
		30F80295232EE7E600B90894 /* GameDelegate.swift */ = {isa = PBXFileReference; lastKnownFileType = sourcecode.swift; path = GameDelegate.swift; sourceTree = "<group>"; };
		30F80297232EF6C000B90894 /* WellDelegate.swift */ = {isa = PBXFileReference; lastKnownFileType = sourcecode.swift; path = WellDelegate.swift; sourceTree = "<group>"; };
		30F802992330637100B90894 /* Forecast.swift */ = {isa = PBXFileReference; lastKnownFileType = sourcecode.swift; path = Forecast.swift; sourceTree = "<group>"; };
		30F8029B23306F8C00B90894 /* ForecastDelegate.swift */ = {isa = PBXFileReference; lastKnownFileType = sourcecode.swift; path = ForecastDelegate.swift; sourceTree = "<group>"; };
		30F8029D233192A000B90894 /* IntExt.swift */ = {isa = PBXFileReference; lastKnownFileType = sourcecode.swift; path = IntExt.swift; sourceTree = "<group>"; };
/* End PBXFileReference section */

/* Begin PBXFrameworksBuildPhase section */
		308DFF3C2329B962001567B1 /* Frameworks */ = {
			isa = PBXFrameworksBuildPhase;
			buildActionMask = 2147483647;
			files = (
			);
			runOnlyForDeploymentPostprocessing = 0;
		};
/* End PBXFrameworksBuildPhase section */

/* Begin PBXGroup section */
		308DFF362329B962001567B1 = {
			isa = PBXGroup;
			children = (
				308DFF412329B962001567B1 /* Scrambled Stoplights */,
				308DFF402329B962001567B1 /* Products */,
			);
			sourceTree = "<group>";
		};
		308DFF402329B962001567B1 /* Products */ = {
			isa = PBXGroup;
			children = (
				308DFF3F2329B962001567B1 /* Scrambled Stoplights.app */,
			);
			name = Products;
			sourceTree = "<group>";
		};
		308DFF412329B962001567B1 /* Scrambled Stoplights */ = {
			isa = PBXGroup;
			children = (
				308DFF422329B962001567B1 /* AppDelegate.swift */,
				308DFF572329BC07001567B1 /* GlobalConstants.swift */,
				308DFF442329B962001567B1 /* GameScreen.swift */,
				30F80279232C730C00B90894 /* SettingsScreen.swift */,
				30F80281232C7B0900B90894 /* DisplayNameScreen.swift */,
				30F8027D232C771300B90894 /* AvatarScreen.swift */,
				30F8027F232C77EB00B90894 /* TrackScreen.swift */,
				30F8027B232C737A00B90894 /* LeaderboardScreen.swift */,
				308DFF462329B962001567B1 /* Main.storyboard */,
				30F80275232C482C00B90894 /* RoundedCornerView.swift */,
				30F80285232D5F4F00B90894 /* BulbType.swift */,
				30F8028F232D658100B90894 /* BulbWeight.swift */,
				30F8028B232D640A00B90894 /* ThemeEngine.swift */,
				30F80289232D63D200B90894 /* Bulb.swift */,
				30F80291232D83EA00B90894 /* BendAndRotation.swift */,
				30F80287232D5FA400B90894 /* StopLight.swift */,
				30F80283232D5EF800B90894 /* Well.swift */,
				30F80293232EE79B00B90894 /* Game.swift */,
				30F802992330637100B90894 /* Forecast.swift */,
				30F80295232EE7E600B90894 /* GameDelegate.swift */,
				30F80297232EF6C000B90894 /* WellDelegate.swift */,
				30F8029B23306F8C00B90894 /* ForecastDelegate.swift */,
				30F80277232C612800B90894 /* SimpleRepeater.swift */,
				30F8029D233192A000B90894 /* IntExt.swift */,
				308DFF4C2329B963001567B1 /* Assets.xcassets */,
				308DFF4E2329B963001567B1 /* LaunchScreen.storyboard */,
				308DFF512329B963001567B1 /* Info.plist */,
				308DFF492329B962001567B1 /* Scrambled_Stoplights.xcdatamodeld */,
			);
			path = "Scrambled Stoplights";
			sourceTree = "<group>";
		};
/* End PBXGroup section */

/* Begin PBXNativeTarget section */
		308DFF3E2329B962001567B1 /* Scrambled Stoplights */ = {
			isa = PBXNativeTarget;
			buildConfigurationList = 308DFF542329B963001567B1 /* Build configuration list for PBXNativeTarget "Scrambled Stoplights" */;
			buildPhases = (
				308DFF3B2329B962001567B1 /* Sources */,
				308DFF3C2329B962001567B1 /* Frameworks */,
				308DFF3D2329B962001567B1 /* Resources */,
			);
			buildRules = (
			);
			dependencies = (
			);
			name = "Scrambled Stoplights";
			productName = "Scrambled Stoplights";
			productReference = 308DFF3F2329B962001567B1 /* Scrambled Stoplights.app */;
			productType = "com.apple.product-type.application";
		};
/* End PBXNativeTarget section */

/* Begin PBXProject section */
		308DFF372329B962001567B1 /* Project object */ = {
			isa = PBXProject;
			attributes = {
				LastSwiftUpdateCheck = 1030;
				LastUpgradeCheck = 1030;
				ORGANIZATIONNAME = "Twilight Citizen";
				TargetAttributes = {
					308DFF3E2329B962001567B1 = {
						CreatedOnToolsVersion = 10.3;
					};
				};
			};
			buildConfigurationList = 308DFF3A2329B962001567B1 /* Build configuration list for PBXProject "Scrambled Stoplights" */;
			compatibilityVersion = "Xcode 9.3";
			developmentRegion = en;
			hasScannedForEncodings = 0;
			knownRegions = (
				en,
				Base,
			);
			mainGroup = 308DFF362329B962001567B1;
			productRefGroup = 308DFF402329B962001567B1 /* Products */;
			projectDirPath = "";
			projectRoot = "";
			targets = (
				308DFF3E2329B962001567B1 /* Scrambled Stoplights */,
			);
		};
/* End PBXProject section */

/* Begin PBXResourcesBuildPhase section */
		308DFF3D2329B962001567B1 /* Resources */ = {
			isa = PBXResourcesBuildPhase;
			buildActionMask = 2147483647;
			files = (
				308DFF502329B963001567B1 /* LaunchScreen.storyboard in Resources */,
				308DFF4D2329B963001567B1 /* Assets.xcassets in Resources */,
				308DFF482329B962001567B1 /* Main.storyboard in Resources */,
			);
			runOnlyForDeploymentPostprocessing = 0;
		};
/* End PBXResourcesBuildPhase section */

/* Begin PBXSourcesBuildPhase section */
		308DFF3B2329B962001567B1 /* Sources */ = {
			isa = PBXSourcesBuildPhase;
			buildActionMask = 2147483647;
			files = (
				30F8028A232D63D200B90894 /* Bulb.swift in Sources */,
				30F80298232EF6C000B90894 /* WellDelegate.swift in Sources */,
				30F80288232D5FA400B90894 /* StopLight.swift in Sources */,
				30F80296232EE7E600B90894 /* GameDelegate.swift in Sources */,
				30F8029C23306F8C00B90894 /* ForecastDelegate.swift in Sources */,
				30F80282232C7B0900B90894 /* DisplayNameScreen.swift in Sources */,
				30F80276232C482C00B90894 /* RoundedCornerView.swift in Sources */,
				30F8027E232C771300B90894 /* AvatarScreen.swift in Sources */,
				30F8027A232C730C00B90894 /* SettingsScreen.swift in Sources */,
				30F80280232C77EB00B90894 /* TrackScreen.swift in Sources */,
				308DFF452329B962001567B1 /* GameScreen.swift in Sources */,
				30F8029E233192A000B90894 /* IntExt.swift in Sources */,
				308DFF432329B962001567B1 /* AppDelegate.swift in Sources */,
				30F80290232D658100B90894 /* BulbWeight.swift in Sources */,
				30F8028C232D640A00B90894 /* ThemeEngine.swift in Sources */,
				30F80284232D5EF800B90894 /* Well.swift in Sources */,
				308DFF4B2329B962001567B1 /* Scrambled_Stoplights.xcdatamodeld in Sources */,
				308DFF582329BC07001567B1 /* GlobalConstants.swift in Sources */,
				30F80294232EE79B00B90894 /* Game.swift in Sources */,
				30F80292232D83EA00B90894 /* BendAndRotation.swift in Sources */,
				30F80278232C612800B90894 /* SimpleRepeater.swift in Sources */,
				30F80286232D5F4F00B90894 /* BulbType.swift in Sources */,
				30F8029A2330637100B90894 /* Forecast.swift in Sources */,
				30F8027C232C737A00B90894 /* LeaderboardScreen.swift in Sources */,
			);
			runOnlyForDeploymentPostprocessing = 0;
		};
/* End PBXSourcesBuildPhase section */

/* Begin PBXVariantGroup section */
		308DFF462329B962001567B1 /* Main.storyboard */ = {
			isa = PBXVariantGroup;
			children = (
				308DFF472329B962001567B1 /* Base */,
			);
			name = Main.storyboard;
			sourceTree = "<group>";
		};
		308DFF4E2329B963001567B1 /* LaunchScreen.storyboard */ = {
			isa = PBXVariantGroup;
			children = (
				308DFF4F2329B963001567B1 /* Base */,
			);
			name = LaunchScreen.storyboard;
			sourceTree = "<group>";
		};
/* End PBXVariantGroup section */

/* Begin XCBuildConfiguration section */
		308DFF522329B963001567B1 /* Debug */ = {
			isa = XCBuildConfiguration;
			buildSettings = {
				ALWAYS_SEARCH_USER_PATHS = NO;
				CLANG_ANALYZER_NONNULL = YES;
				CLANG_ANALYZER_NUMBER_OBJECT_CONVERSION = YES_AGGRESSIVE;
				CLANG_CXX_LANGUAGE_STANDARD = "gnu++14";
				CLANG_CXX_LIBRARY = "libc++";
				CLANG_ENABLE_MODULES = YES;
				CLANG_ENABLE_OBJC_ARC = YES;
				CLANG_ENABLE_OBJC_WEAK = YES;
				CLANG_WARN_BLOCK_CAPTURE_AUTORELEASING = YES;
				CLANG_WARN_BOOL_CONVERSION = YES;
				CLANG_WARN_COMMA = YES;
				CLANG_WARN_CONSTANT_CONVERSION = YES;
				CLANG_WARN_DEPRECATED_OBJC_IMPLEMENTATIONS = YES;
				CLANG_WARN_DIRECT_OBJC_ISA_USAGE = YES_ERROR;
				CLANG_WARN_DOCUMENTATION_COMMENTS = YES;
				CLANG_WARN_EMPTY_BODY = YES;
				CLANG_WARN_ENUM_CONVERSION = YES;
				CLANG_WARN_INFINITE_RECURSION = YES;
				CLANG_WARN_INT_CONVERSION = YES;
				CLANG_WARN_NON_LITERAL_NULL_CONVERSION = YES;
				CLANG_WARN_OBJC_IMPLICIT_RETAIN_SELF = YES;
				CLANG_WARN_OBJC_LITERAL_CONVERSION = YES;
				CLANG_WARN_OBJC_ROOT_CLASS = YES_ERROR;
				CLANG_WARN_RANGE_LOOP_ANALYSIS = YES;
				CLANG_WARN_STRICT_PROTOTYPES = YES;
				CLANG_WARN_SUSPICIOUS_MOVE = YES;
				CLANG_WARN_UNGUARDED_AVAILABILITY = YES_AGGRESSIVE;
				CLANG_WARN_UNREACHABLE_CODE = YES;
				CLANG_WARN__DUPLICATE_METHOD_MATCH = YES;
				CODE_SIGN_IDENTITY = "iPhone Developer";
				COPY_PHASE_STRIP = NO;
				DEBUG_INFORMATION_FORMAT = dwarf;
				ENABLE_STRICT_OBJC_MSGSEND = YES;
				ENABLE_TESTABILITY = YES;
				GCC_C_LANGUAGE_STANDARD = gnu11;
				GCC_DYNAMIC_NO_PIC = NO;
				GCC_NO_COMMON_BLOCKS = YES;
				GCC_OPTIMIZATION_LEVEL = 0;
				GCC_PREPROCESSOR_DEFINITIONS = (
					"DEBUG=1",
					"$(inherited)",
				);
				GCC_WARN_64_TO_32_BIT_CONVERSION = YES;
				GCC_WARN_ABOUT_RETURN_TYPE = YES_ERROR;
				GCC_WARN_UNDECLARED_SELECTOR = YES;
				GCC_WARN_UNINITIALIZED_AUTOS = YES_AGGRESSIVE;
				GCC_WARN_UNUSED_FUNCTION = YES;
				GCC_WARN_UNUSED_VARIABLE = YES;
				IPHONEOS_DEPLOYMENT_TARGET = 12.4;
				MTL_ENABLE_DEBUG_INFO = INCLUDE_SOURCE;
				MTL_FAST_MATH = YES;
				ONLY_ACTIVE_ARCH = YES;
				SDKROOT = iphoneos;
				SWIFT_ACTIVE_COMPILATION_CONDITIONS = DEBUG;
				SWIFT_OPTIMIZATION_LEVEL = "-Onone";
			};
			name = Debug;
		};
		308DFF532329B963001567B1 /* Release */ = {
			isa = XCBuildConfiguration;
			buildSettings = {
				ALWAYS_SEARCH_USER_PATHS = NO;
				CLANG_ANALYZER_NONNULL = YES;
				CLANG_ANALYZER_NUMBER_OBJECT_CONVERSION = YES_AGGRESSIVE;
				CLANG_CXX_LANGUAGE_STANDARD = "gnu++14";
				CLANG_CXX_LIBRARY = "libc++";
				CLANG_ENABLE_MODULES = YES;
				CLANG_ENABLE_OBJC_ARC = YES;
				CLANG_ENABLE_OBJC_WEAK = YES;
				CLANG_WARN_BLOCK_CAPTURE_AUTORELEASING = YES;
				CLANG_WARN_BOOL_CONVERSION = YES;
				CLANG_WARN_COMMA = YES;
				CLANG_WARN_CONSTANT_CONVERSION = YES;
				CLANG_WARN_DEPRECATED_OBJC_IMPLEMENTATIONS = YES;
				CLANG_WARN_DIRECT_OBJC_ISA_USAGE = YES_ERROR;
				CLANG_WARN_DOCUMENTATION_COMMENTS = YES;
				CLANG_WARN_EMPTY_BODY = YES;
				CLANG_WARN_ENUM_CONVERSION = YES;
				CLANG_WARN_INFINITE_RECURSION = YES;
				CLANG_WARN_INT_CONVERSION = YES;
				CLANG_WARN_NON_LITERAL_NULL_CONVERSION = YES;
				CLANG_WARN_OBJC_IMPLICIT_RETAIN_SELF = YES;
				CLANG_WARN_OBJC_LITERAL_CONVERSION = YES;
				CLANG_WARN_OBJC_ROOT_CLASS = YES_ERROR;
				CLANG_WARN_RANGE_LOOP_ANALYSIS = YES;
				CLANG_WARN_STRICT_PROTOTYPES = YES;
				CLANG_WARN_SUSPICIOUS_MOVE = YES;
				CLANG_WARN_UNGUARDED_AVAILABILITY = YES_AGGRESSIVE;
				CLANG_WARN_UNREACHABLE_CODE = YES;
				CLANG_WARN__DUPLICATE_METHOD_MATCH = YES;
				CODE_SIGN_IDENTITY = "iPhone Developer";
				COPY_PHASE_STRIP = NO;
				DEBUG_INFORMATION_FORMAT = "dwarf-with-dsym";
				ENABLE_NS_ASSERTIONS = NO;
				ENABLE_STRICT_OBJC_MSGSEND = YES;
				GCC_C_LANGUAGE_STANDARD = gnu11;
				GCC_NO_COMMON_BLOCKS = YES;
				GCC_WARN_64_TO_32_BIT_CONVERSION = YES;
				GCC_WARN_ABOUT_RETURN_TYPE = YES_ERROR;
				GCC_WARN_UNDECLARED_SELECTOR = YES;
				GCC_WARN_UNINITIALIZED_AUTOS = YES_AGGRESSIVE;
				GCC_WARN_UNUSED_FUNCTION = YES;
				GCC_WARN_UNUSED_VARIABLE = YES;
				IPHONEOS_DEPLOYMENT_TARGET = 12.4;
				MTL_ENABLE_DEBUG_INFO = NO;
				MTL_FAST_MATH = YES;
				SDKROOT = iphoneos;
				SWIFT_COMPILATION_MODE = wholemodule;
				SWIFT_OPTIMIZATION_LEVEL = "-O";
				VALIDATE_PRODUCT = YES;
			};
			name = Release;
		};
		308DFF552329B963001567B1 /* Debug */ = {
			isa = XCBuildConfiguration;
			buildSettings = {
				ASSETCATALOG_COMPILER_APPICON_NAME = AppIcon;
				CODE_SIGN_STYLE = Automatic;
				INFOPLIST_FILE = "Scrambled Stoplights/Info.plist";
				LD_RUNPATH_SEARCH_PATHS = (
					"$(inherited)",
					"@executable_path/Frameworks",
				);
				PRODUCT_BUNDLE_IDENTIFIER = "edu.FullSail.Scrambled-Stoplights";
				PRODUCT_NAME = "$(TARGET_NAME)";
				SWIFT_VERSION = 5.0;
				TARGETED_DEVICE_FAMILY = "1,2";
			};
			name = Debug;
		};
		308DFF562329B963001567B1 /* Release */ = {
			isa = XCBuildConfiguration;
			buildSettings = {
				ASSETCATALOG_COMPILER_APPICON_NAME = AppIcon;
				CODE_SIGN_STYLE = Automatic;
				INFOPLIST_FILE = "Scrambled Stoplights/Info.plist";
				LD_RUNPATH_SEARCH_PATHS = (
					"$(inherited)",
					"@executable_path/Frameworks",
				);
				PRODUCT_BUNDLE_IDENTIFIER = "edu.FullSail.Scrambled-Stoplights";
				PRODUCT_NAME = "$(TARGET_NAME)";
				SWIFT_VERSION = 5.0;
				TARGETED_DEVICE_FAMILY = "1,2";
			};
			name = Release;
		};
/* End XCBuildConfiguration section */

/* Begin XCConfigurationList section */
		308DFF3A2329B962001567B1 /* Build configuration list for PBXProject "Scrambled Stoplights" */ = {
			isa = XCConfigurationList;
			buildConfigurations = (
				308DFF522329B963001567B1 /* Debug */,
				308DFF532329B963001567B1 /* Release */,
			);
			defaultConfigurationIsVisible = 0;
			defaultConfigurationName = Release;
		};
		308DFF542329B963001567B1 /* Build configuration list for PBXNativeTarget "Scrambled Stoplights" */ = {
			isa = XCConfigurationList;
			buildConfigurations = (
				308DFF552329B963001567B1 /* Debug */,
				308DFF562329B963001567B1 /* Release */,
			);
			defaultConfigurationIsVisible = 0;
			defaultConfigurationName = Release;
		};
/* End XCConfigurationList section */

/* Begin XCVersionGroup section */
		308DFF492329B962001567B1 /* Scrambled_Stoplights.xcdatamodeld */ = {
			isa = XCVersionGroup;
			children = (
				308DFF4A2329B962001567B1 /* Scrambled_Stoplights.xcdatamodel */,
			);
			currentVersion = 308DFF4A2329B962001567B1 /* Scrambled_Stoplights.xcdatamodel */;
			path = Scrambled_Stoplights.xcdatamodeld;
			sourceTree = "<group>";
			versionGroupType = wrapper.xcdatamodel;
		};
/* End XCVersionGroup section */
	};
	rootObject = 308DFF372329B962001567B1 /* Project object */;
}
